
Microsoft Visual Studio Solution File, Format Version 12.00
# Visual Studio 15
Project("{FAE04EC0-301F-11D3-BF4B-00C04F79EFBC}") = "UnityEngine.UI", "UnityEngine.UI.csproj", "{4BCE7D89-B7BD-8EB9-4A08-4BFDCCA0C5E4}"
EndProject
Project("{FAE04EC0-301F-11D3-BF4B-00C04F79EFBC}") = "Unity.ProBuilder", "Unity.ProBuilder.csproj", "{E182B5E4-0605-5515-924F-CDD4DF960E40}"
EndProject
Project("{FAE04EC0-301F-11D3-BF4B-00C04F79EFBC}") = "Unity.XR.ARSubsystems", "Unity.XR.ARSubsystems.csproj", "{C04AFA26-9E23-219A-39BA-BD6F6824C875}"
EndProject
Project("{FAE04EC0-301F-11D3-BF4B-00C04F79EFBC}") = "UnityEngine.TestRunner", "UnityEngine.TestRunner.csproj", "{F95B1657-8C93-D3A2-BDC8-1E7AB860BD82}"
EndProject
Project("{FAE04EC0-301F-11D3-BF4B-00C04F79EFBC}") = "Assembly-CSharp", "Assembly-CSharp.csproj", "{FDC3065D-7F5B-A278-38D0-18EE7594B860}"
EndProject
Project("{FAE04EC0-301F-11D3-BF4B-00C04F79EFBC}") = "com.unity.multiplayer-hlapi.Runtime", "com.unity.multiplayer-hlapi.Runtime.csproj", "{71DF0896-64D6-1452-A3FE-47821B4A2443}"
EndProject
Project("{FAE04EC0-301F-11D3-BF4B-00C04F79EFBC}") = "Unity.TextMeshPro", "Unity.TextMeshPro.csproj", "{37B8320F-6C96-362C-5780-23C8C4C49CCC}"
EndProject
Project("{FAE04EC0-301F-11D3-BF4B-00C04F79EFBC}") = "Unity.Timeline", "Unity.Timeline.csproj", "{6BF9AE7F-B955-7AFF-B7FD-69BE9770A798}"
EndProject
Project("{FAE04EC0-301F-11D3-BF4B-00C04F79EFBC}") = "Unity.XR.ARFoundation", "Unity.XR.ARFoundation.csproj", "{526CDA91-C008-47DA-970A-191C352EF90A}"
EndProject
Project("{FAE04EC0-301F-11D3-BF4B-00C04F79EFBC}") = "Unity.XR.ARKit", "Unity.XR.ARKit.csproj", "{3F637B94-FBA4-7EF8-4CB7-26D9ABA0067E}"
EndProject
Project("{FAE04EC0-301F-11D3-BF4B-00C04F79EFBC}") = "UnityEngine.Purchasing", "UnityEngine.Purchasing.csproj", "{23DB8A86-D537-0AC8-31E4-C7A083C36457}"
EndProject
Project("{FAE04EC0-301F-11D3-BF4B-00C04F79EFBC}") = "UnityEngine.Advertisements", "UnityEngine.Advertisements.csproj", "{86CC7F52-8EFB-6F67-4CAC-B64962863258}"
EndProject
Project("{FAE04EC0-301F-11D3-BF4B-00C04F79EFBC}") = "Unity.ProBuilder.Poly2Tri", "Unity.ProBuilder.Poly2Tri.csproj", "{8E35234D-DB8D-F26C-E315-25F49B7A9415}"
EndProject
Project("{FAE04EC0-301F-11D3-BF4B-00C04F79EFBC}") = "Unity.Analytics.DataPrivacy", "Unity.Analytics.DataPrivacy.csproj", "{1E4498DF-7624-5B58-450F-857EE0A262D4}"
EndProject
Project("{FAE04EC0-301F-11D3-BF4B-00C04F79EFBC}") = "Unity.XR.ARCore", "Unity.XR.ARCore.csproj", "{EEEB43A7-C3D1-2BCF-2A48-6667BB5E9AD5}"
EndProject
Project("{FAE04EC0-301F-11D3-BF4B-00C04F79EFBC}") = "OEBIF", "OEBIF.csproj", "{41EFA2DF-FCD2-9C77-845D-4A8256A0FCF8}"
EndProject
Project("{FAE04EC0-301F-11D3-BF4B-00C04F79EFBC}") = "Unity.ProBuilder.KdTree", "Unity.ProBuilder.KdTree.csproj", "{1F68EFFA-9BC5-EFF5-9919-7C187ACFA524}"
EndProject
Project("{FAE04EC0-301F-11D3-BF4B-00C04F79EFBC}") = "UnityEngine.Monetization", "UnityEngine.Monetization.csproj", "{57BD2BE1-F1C3-49DF-DA2C-F9867EEF6CE6}"
EndProject
Project("{FAE04EC0-301F-11D3-BF4B-00C04F79EFBC}") = "UnityEngine.XR.LegacyInputHelpers", "UnityEngine.XR.LegacyInputHelpers.csproj", "{63578F86-7639-054F-0A17-DBA09FC48076}"
EndProject
Project("{FAE04EC0-301F-11D3-BF4B-00C04F79EFBC}") = "Unity.XR.Management", "Unity.XR.Management.csproj", "{406F4848-F755-0262-D810-F30078C0F6F6}"
EndProject
Project("{FAE04EC0-301F-11D3-BF4B-00C04F79EFBC}") = "Unity.ProBuilder.Stl", "Unity.ProBuilder.Stl.csproj", "{FA89D102-6B5E-7441-5027-4435C0B18EA4}"
EndProject
Project("{FAE04EC0-301F-11D3-BF4B-00C04F79EFBC}") = "Unity.Subsystem.Registration", "Unity.Subsystem.Registration.csproj", "{41F8DB50-AD59-4A1C-0972-668D97BB4EE9}"
EndProject
Project("{FAE04EC0-301F-11D3-BF4B-00C04F79EFBC}") = "UnityEngine.SpatialTracking", "UnityEngine.SpatialTracking.csproj", "{D7D0F887-22FA-477E-DBF4-E87DA2D87C01}"
EndProject
Project("{FAE04EC0-301F-11D3-BF4B-00C04F79EFBC}") = "Unity.XR.ARKit.FaceTracking", "Unity.XR.ARKit.FaceTracking.csproj", "{0A81CB1B-D53D-4E86-83D1-5292F72C023A}"
EndProject
Project("{FAE04EC0-301F-11D3-BF4B-00C04F79EFBC}") = "Unity.ProBuilder.Editor", "Unity.ProBuilder.Editor.csproj", "{FE2889C8-81A5-941C-7D8E-78046294F7C5}"
EndProject
Project("{FAE04EC0-301F-11D3-BF4B-00C04F79EFBC}") = "Unity.TextMeshPro.Editor", "Unity.TextMeshPro.Editor.csproj", "{963F18E6-EC53-A7C1-BFE8-FC45029D3AD3}"
EndProject
Project("{FAE04EC0-301F-11D3-BF4B-00C04F79EFBC}") = "Unity.Timeline.Editor", "Unity.Timeline.Editor.csproj", "{8F46222A-81DA-9B3C-7B04-0178C50F672D}"
EndProject
Project("{FAE04EC0-301F-11D3-BF4B-00C04F79EFBC}") = "Unity.XR.ARSubsystems.Editor", "Unity.XR.ARSubsystems.Editor.csproj", "{A9EE948D-8963-37B4-730E-79FC14A812C7}"
EndProject
Project("{FAE04EC0-301F-11D3-BF4B-00C04F79EFBC}") = "UnityEditor.TestRunner", "UnityEditor.TestRunner.csproj", "{AF5E63DE-E6DC-A6DA-B9C6-D46AF6186FE2}"
EndProject
Project("{FAE04EC0-301F-11D3-BF4B-00C04F79EFBC}") = "Unity.Settings.Editor", "Unity.Settings.Editor.csproj", "{515809A1-FA83-C76A-E6AD-35E5AAF84229}"
EndProject
Project("{FAE04EC0-301F-11D3-BF4B-00C04F79EFBC}") = "Unity.2D.Sprite.Editor", "Unity.2D.Sprite.Editor.csproj", "{2DE57354-36A3-7258-6C80-F21A2999F408}"
EndProject
Project("{FAE04EC0-301F-11D3-BF4B-00C04F79EFBC}") = "com.unity.multiplayer-hlapi.Editor", "com.unity.multiplayer-hlapi.Editor.csproj", "{B75B20C9-6BE2-B4A3-57B4-969615683169}"
EndProject
Project("{FAE04EC0-301F-11D3-BF4B-00C04F79EFBC}") = "UnityEditor.UI", "UnityEditor.UI.csproj", "{CFCBF3F8-3416-B1F2-7C14-C3DD6157F8D6}"
EndProject
Project("{FAE04EC0-301F-11D3-BF4B-00C04F79EFBC}") = "Unity.Rider.Editor", "Unity.Rider.Editor.csproj", "{7DD3C5EE-097A-CA7D-9BA6-0A7335CB156A}"
EndProject
Project("{FAE04EC0-301F-11D3-BF4B-00C04F79EFBC}") = "Unity.2D.Tilemap.Editor", "Unity.2D.Tilemap.Editor.csproj", "{E37E8E25-E43B-A45E-9EA2-C7D7712A8F82}"
EndProject
Project("{FAE04EC0-301F-11D3-BF4B-00C04F79EFBC}") = "Unity.XR.ARKit.Editor", "Unity.XR.ARKit.Editor.csproj", "{E952E26C-190A-F8E5-94B4-F999B74EC97D}"
EndProject
Project("{FAE04EC0-301F-11D3-BF4B-00C04F79EFBC}") = "UnityEditor.XR.LegacyInputHelpers", "UnityEditor.XR.LegacyInputHelpers.csproj", "{F71FC7F0-EE8C-BF3F-BB6D-F70595278C6D}"
EndProject
Project("{FAE04EC0-301F-11D3-BF4B-00C04F79EFBC}") = "Unity.XR.Management.Editor", "Unity.XR.Management.Editor.csproj", "{D1CE0E99-262F-4F06-2089-300DC6E6D23F}"
EndProject
Project("{FAE04EC0-301F-11D3-BF4B-00C04F79EFBC}") = "Unity.CollabProxy.Editor", "Unity.CollabProxy.Editor.csproj", "{15E623C3-57C1-EFE6-A939-167BC4BBD873}"
EndProject
Project("{FAE04EC0-301F-11D3-BF4B-00C04F79EFBC}") = "Unity.ProBuilder.AssetIdRemapUtility", "Unity.ProBuilder.AssetIdRemapUtility.csproj", "{5E25B70C-1D9F-77D1-11BD-25CF24E4CD9C}"
EndProject
Project("{FAE04EC0-301F-11D3-BF4B-00C04F79EFBC}") = "Unity.XR.ARCore.Editor", "Unity.XR.ARCore.Editor.csproj", "{AC6058C4-7CF1-C8F7-0383-B889C6F58B7D}"
EndProject
Project("{FAE04EC0-301F-11D3-BF4B-00C04F79EFBC}") = "com.unity.multiplayer-weaver.Editor", "com.unity.multiplayer-weaver.Editor.csproj", "{E44F9BA5-4530-96D6-67BD-B3C0E7626D7E}"
EndProject
Project("{FAE04EC0-301F-11D3-BF4B-00C04F79EFBC}") = "Unity.VSCode.Editor", "Unity.VSCode.Editor.csproj", "{B6F4CA06-3169-6B08-FFBC-7752B646D410}"
EndProject
Project("{FAE04EC0-301F-11D3-BF4B-00C04F79EFBC}") = "UnityEditor.Purchasing", "UnityEditor.Purchasing.csproj", "{BAEE6C2D-5EE6-A7FE-8598-2DB2C2DB8232}"
EndProject
Project("{FAE04EC0-301F-11D3-BF4B-00C04F79EFBC}") = "Unity.XR.ARFoundation.Editor", "Unity.XR.ARFoundation.Editor.csproj", "{CB37F0DF-B9B6-A1C2-0B2B-C35DC116B4D1}"
EndProject
Project("{FAE04EC0-301F-11D3-BF4B-00C04F79EFBC}") = "Unity.InternalAPIEditorBridge.005", "Unity.InternalAPIEditorBridge.005.csproj", "{A32EC717-4E99-E172-F66F-758E7C09CCAD}"
EndProject
Project("{FAE04EC0-301F-11D3-BF4B-00C04F79EFBC}") = "UnityEditor.SpatialTracking", "UnityEditor.SpatialTracking.csproj", "{47666210-4A02-A296-FE1D-3AF6748E78F2}"
EndProject
Project("{FAE04EC0-301F-11D3-BF4B-00C04F79EFBC}") = "Unity.XR.ARKit.FaceTracking.Editor", "Unity.XR.ARKit.FaceTracking.Editor.csproj", "{2FC1AAF3-6685-1DBC-4BF3-890BB1484852}"
EndProject
Project("{FAE04EC0-301F-11D3-BF4B-00C04F79EFBC}") = "Assembly-CSharp-Editor", "Assembly-CSharp-Editor.csproj", "{E3A6D6CC-AC23-91C5-80DE-D64867B13F5D}"
EndProject
Project("{FAE04EC0-301F-11D3-BF4B-00C04F79EFBC}") = "Unity.ProBuilder.AddOns.Editor", "Unity.ProBuilder.AddOns.Editor.csproj", "{C1404714-8CCB-0AE6-6227-D3D5DB845CF2}"
EndProject
Global
	GlobalSection(SolutionConfigurationPlatforms) = preSolution
		Debug|Any CPU = Debug|Any CPU
		Release|Any CPU = Release|Any CPU
	EndGlobalSection
	GlobalSection(ProjectConfigurationPlatforms) = postSolution
		{4BCE7D89-B7BD-8EB9-4A08-4BFDCCA0C5E4}.Debug|Any CPU.ActiveCfg = Debug|Any CPU
		{4BCE7D89-B7BD-8EB9-4A08-4BFDCCA0C5E4}.Debug|Any CPU.Build.0 = Debug|Any CPU
		{4BCE7D89-B7BD-8EB9-4A08-4BFDCCA0C5E4}.Release|Any CPU.ActiveCfg = Release|Any CPU
		{4BCE7D89-B7BD-8EB9-4A08-4BFDCCA0C5E4}.Release|Any CPU.Build.0 = Release|Any CPU
		{E182B5E4-0605-5515-924F-CDD4DF960E40}.Debug|Any CPU.ActiveCfg = Debug|Any CPU
		{E182B5E4-0605-5515-924F-CDD4DF960E40}.Debug|Any CPU.Build.0 = Debug|Any CPU
		{E182B5E4-0605-5515-924F-CDD4DF960E40}.Release|Any CPU.ActiveCfg = Release|Any CPU
		{E182B5E4-0605-5515-924F-CDD4DF960E40}.Release|Any CPU.Build.0 = Release|Any CPU
		{C04AFA26-9E23-219A-39BA-BD6F6824C875}.Debug|Any CPU.ActiveCfg = Debug|Any CPU
		{C04AFA26-9E23-219A-39BA-BD6F6824C875}.Debug|Any CPU.Build.0 = Debug|Any CPU
		{C04AFA26-9E23-219A-39BA-BD6F6824C875}.Release|Any CPU.ActiveCfg = Release|Any CPU
		{C04AFA26-9E23-219A-39BA-BD6F6824C875}.Release|Any CPU.Build.0 = Release|Any CPU
		{F95B1657-8C93-D3A2-BDC8-1E7AB860BD82}.Debug|Any CPU.ActiveCfg = Debug|Any CPU
		{F95B1657-8C93-D3A2-BDC8-1E7AB860BD82}.Debug|Any CPU.Build.0 = Debug|Any CPU
		{F95B1657-8C93-D3A2-BDC8-1E7AB860BD82}.Release|Any CPU.ActiveCfg = Release|Any CPU
		{F95B1657-8C93-D3A2-BDC8-1E7AB860BD82}.Release|Any CPU.Build.0 = Release|Any CPU
		{FDC3065D-7F5B-A278-38D0-18EE7594B860}.Debug|Any CPU.ActiveCfg = Debug|Any CPU
		{FDC3065D-7F5B-A278-38D0-18EE7594B860}.Debug|Any CPU.Build.0 = Debug|Any CPU
		{FDC3065D-7F5B-A278-38D0-18EE7594B860}.Release|Any CPU.ActiveCfg = Release|Any CPU
		{FDC3065D-7F5B-A278-38D0-18EE7594B860}.Release|Any CPU.Build.0 = Release|Any CPU
		{71DF0896-64D6-1452-A3FE-47821B4A2443}.Debug|Any CPU.ActiveCfg = Debug|Any CPU
		{71DF0896-64D6-1452-A3FE-47821B4A2443}.Debug|Any CPU.Build.0 = Debug|Any CPU
		{71DF0896-64D6-1452-A3FE-47821B4A2443}.Release|Any CPU.ActiveCfg = Release|Any CPU
		{71DF0896-64D6-1452-A3FE-47821B4A2443}.Release|Any CPU.Build.0 = Release|Any CPU
		{37B8320F-6C96-362C-5780-23C8C4C49CCC}.Debug|Any CPU.ActiveCfg = Debug|Any CPU
		{37B8320F-6C96-362C-5780-23C8C4C49CCC}.Debug|Any CPU.Build.0 = Debug|Any CPU
		{37B8320F-6C96-362C-5780-23C8C4C49CCC}.Release|Any CPU.ActiveCfg = Release|Any CPU
		{37B8320F-6C96-362C-5780-23C8C4C49CCC}.Release|Any CPU.Build.0 = Release|Any CPU
		{6BF9AE7F-B955-7AFF-B7FD-69BE9770A798}.Debug|Any CPU.ActiveCfg = Debug|Any CPU
		{6BF9AE7F-B955-7AFF-B7FD-69BE9770A798}.Debug|Any CPU.Build.0 = Debug|Any CPU
		{6BF9AE7F-B955-7AFF-B7FD-69BE9770A798}.Release|Any CPU.ActiveCfg = Release|Any CPU
		{6BF9AE7F-B955-7AFF-B7FD-69BE9770A798}.Release|Any CPU.Build.0 = Release|Any CPU
		{526CDA91-C008-47DA-970A-191C352EF90A}.Debug|Any CPU.ActiveCfg = Debug|Any CPU
		{526CDA91-C008-47DA-970A-191C352EF90A}.Debug|Any CPU.Build.0 = Debug|Any CPU
		{526CDA91-C008-47DA-970A-191C352EF90A}.Release|Any CPU.ActiveCfg = Release|Any CPU
		{526CDA91-C008-47DA-970A-191C352EF90A}.Release|Any CPU.Build.0 = Release|Any CPU
		{3F637B94-FBA4-7EF8-4CB7-26D9ABA0067E}.Debug|Any CPU.ActiveCfg = Debug|Any CPU
		{3F637B94-FBA4-7EF8-4CB7-26D9ABA0067E}.Debug|Any CPU.Build.0 = Debug|Any CPU
		{3F637B94-FBA4-7EF8-4CB7-26D9ABA0067E}.Release|Any CPU.ActiveCfg = Release|Any CPU
		{3F637B94-FBA4-7EF8-4CB7-26D9ABA0067E}.Release|Any CPU.Build.0 = Release|Any CPU
		{23DB8A86-D537-0AC8-31E4-C7A083C36457}.Debug|Any CPU.ActiveCfg = Debug|Any CPU
		{23DB8A86-D537-0AC8-31E4-C7A083C36457}.Debug|Any CPU.Build.0 = Debug|Any CPU
		{23DB8A86-D537-0AC8-31E4-C7A083C36457}.Release|Any CPU.ActiveCfg = Release|Any CPU
		{23DB8A86-D537-0AC8-31E4-C7A083C36457}.Release|Any CPU.Build.0 = Release|Any CPU
		{86CC7F52-8EFB-6F67-4CAC-B64962863258}.Debug|Any CPU.ActiveCfg = Debug|Any CPU
		{86CC7F52-8EFB-6F67-4CAC-B64962863258}.Debug|Any CPU.Build.0 = Debug|Any CPU
		{86CC7F52-8EFB-6F67-4CAC-B64962863258}.Release|Any CPU.ActiveCfg = Release|Any CPU
		{86CC7F52-8EFB-6F67-4CAC-B64962863258}.Release|Any CPU.Build.0 = Release|Any CPU
		{8E35234D-DB8D-F26C-E315-25F49B7A9415}.Debug|Any CPU.ActiveCfg = Debug|Any CPU
		{8E35234D-DB8D-F26C-E315-25F49B7A9415}.Debug|Any CPU.Build.0 = Debug|Any CPU
		{8E35234D-DB8D-F26C-E315-25F49B7A9415}.Release|Any CPU.ActiveCfg = Release|Any CPU
		{8E35234D-DB8D-F26C-E315-25F49B7A9415}.Release|Any CPU.Build.0 = Release|Any CPU
		{1E4498DF-7624-5B58-450F-857EE0A262D4}.Debug|Any CPU.ActiveCfg = Debug|Any CPU
		{1E4498DF-7624-5B58-450F-857EE0A262D4}.Debug|Any CPU.Build.0 = Debug|Any CPU
		{1E4498DF-7624-5B58-450F-857EE0A262D4}.Release|Any CPU.ActiveCfg = Release|Any CPU
		{1E4498DF-7624-5B58-450F-857EE0A262D4}.Release|Any CPU.Build.0 = Release|Any CPU
		{EEEB43A7-C3D1-2BCF-2A48-6667BB5E9AD5}.Debug|Any CPU.ActiveCfg = Debug|Any CPU
		{EEEB43A7-C3D1-2BCF-2A48-6667BB5E9AD5}.Debug|Any CPU.Build.0 = Debug|Any CPU
		{EEEB43A7-C3D1-2BCF-2A48-6667BB5E9AD5}.Release|Any CPU.ActiveCfg = Release|Any CPU
		{EEEB43A7-C3D1-2BCF-2A48-6667BB5E9AD5}.Release|Any CPU.Build.0 = Release|Any CPU
		{41EFA2DF-FCD2-9C77-845D-4A8256A0FCF8}.Debug|Any CPU.ActiveCfg = Debug|Any CPU
		{41EFA2DF-FCD2-9C77-845D-4A8256A0FCF8}.Debug|Any CPU.Build.0 = Debug|Any CPU
		{41EFA2DF-FCD2-9C77-845D-4A8256A0FCF8}.Release|Any CPU.ActiveCfg = Release|Any CPU
		{41EFA2DF-FCD2-9C77-845D-4A8256A0FCF8}.Release|Any CPU.Build.0 = Release|Any CPU
		{1F68EFFA-9BC5-EFF5-9919-7C187ACFA524}.Debug|Any CPU.ActiveCfg = Debug|Any CPU
		{1F68EFFA-9BC5-EFF5-9919-7C187ACFA524}.Debug|Any CPU.Build.0 = Debug|Any CPU
		{1F68EFFA-9BC5-EFF5-9919-7C187ACFA524}.Release|Any CPU.ActiveCfg = Release|Any CPU
		{1F68EFFA-9BC5-EFF5-9919-7C187ACFA524}.Release|Any CPU.Build.0 = Release|Any CPU
		{57BD2BE1-F1C3-49DF-DA2C-F9867EEF6CE6}.Debug|Any CPU.ActiveCfg = Debug|Any CPU
		{57BD2BE1-F1C3-49DF-DA2C-F9867EEF6CE6}.Debug|Any CPU.Build.0 = Debug|Any CPU
		{57BD2BE1-F1C3-49DF-DA2C-F9867EEF6CE6}.Release|Any CPU.ActiveCfg = Release|Any CPU
		{57BD2BE1-F1C3-49DF-DA2C-F9867EEF6CE6}.Release|Any CPU.Build.0 = Release|Any CPU
		{63578F86-7639-054F-0A17-DBA09FC48076}.Debug|Any CPU.ActiveCfg = Debug|Any CPU
		{63578F86-7639-054F-0A17-DBA09FC48076}.Debug|Any CPU.Build.0 = Debug|Any CPU
		{63578F86-7639-054F-0A17-DBA09FC48076}.Release|Any CPU.ActiveCfg = Release|Any CPU
		{63578F86-7639-054F-0A17-DBA09FC48076}.Release|Any CPU.Build.0 = Release|Any CPU
		{406F4848-F755-0262-D810-F30078C0F6F6}.Debug|Any CPU.ActiveCfg = Debug|Any CPU
		{406F4848-F755-0262-D810-F30078C0F6F6}.Debug|Any CPU.Build.0 = Debug|Any CPU
		{406F4848-F755-0262-D810-F30078C0F6F6}.Release|Any CPU.ActiveCfg = Release|Any CPU
		{406F4848-F755-0262-D810-F30078C0F6F6}.Release|Any CPU.Build.0 = Release|Any CPU
		{FA89D102-6B5E-7441-5027-4435C0B18EA4}.Debug|Any CPU.ActiveCfg = Debug|Any CPU
		{FA89D102-6B5E-7441-5027-4435C0B18EA4}.Debug|Any CPU.Build.0 = Debug|Any CPU
		{FA89D102-6B5E-7441-5027-4435C0B18EA4}.Release|Any CPU.ActiveCfg = Release|Any CPU
		{FA89D102-6B5E-7441-5027-4435C0B18EA4}.Release|Any CPU.Build.0 = Release|Any CPU
		{41F8DB50-AD59-4A1C-0972-668D97BB4EE9}.Debug|Any CPU.ActiveCfg = Debug|Any CPU
		{41F8DB50-AD59-4A1C-0972-668D97BB4EE9}.Debug|Any CPU.Build.0 = Debug|Any CPU
		{41F8DB50-AD59-4A1C-0972-668D97BB4EE9}.Release|Any CPU.ActiveCfg = Release|Any CPU
		{41F8DB50-AD59-4A1C-0972-668D97BB4EE9}.Release|Any CPU.Build.0 = Release|Any CPU
		{D7D0F887-22FA-477E-DBF4-E87DA2D87C01}.Debug|Any CPU.ActiveCfg = Debug|Any CPU
		{D7D0F887-22FA-477E-DBF4-E87DA2D87C01}.Debug|Any CPU.Build.0 = Debug|Any CPU
		{D7D0F887-22FA-477E-DBF4-E87DA2D87C01}.Release|Any CPU.ActiveCfg = Release|Any CPU
		{D7D0F887-22FA-477E-DBF4-E87DA2D87C01}.Release|Any CPU.Build.0 = Release|Any CPU
		{0A81CB1B-D53D-4E86-83D1-5292F72C023A}.Debug|Any CPU.ActiveCfg = Debug|Any CPU
		{0A81CB1B-D53D-4E86-83D1-5292F72C023A}.Debug|Any CPU.Build.0 = Debug|Any CPU
		{0A81CB1B-D53D-4E86-83D1-5292F72C023A}.Release|Any CPU.ActiveCfg = Release|Any CPU
		{0A81CB1B-D53D-4E86-83D1-5292F72C023A}.Release|Any CPU.Build.0 = Release|Any CPU
		{FE2889C8-81A5-941C-7D8E-78046294F7C5}.Debug|Any CPU.ActiveCfg = Debug|Any CPU
		{FE2889C8-81A5-941C-7D8E-78046294F7C5}.Debug|Any CPU.Build.0 = Debug|Any CPU
		{FE2889C8-81A5-941C-7D8E-78046294F7C5}.Release|Any CPU.ActiveCfg = Release|Any CPU
		{FE2889C8-81A5-941C-7D8E-78046294F7C5}.Release|Any CPU.Build.0 = Release|Any CPU
		{963F18E6-EC53-A7C1-BFE8-FC45029D3AD3}.Debug|Any CPU.ActiveCfg = Debug|Any CPU
		{963F18E6-EC53-A7C1-BFE8-FC45029D3AD3}.Debug|Any CPU.Build.0 = Debug|Any CPU
		{963F18E6-EC53-A7C1-BFE8-FC45029D3AD3}.Release|Any CPU.ActiveCfg = Release|Any CPU
		{963F18E6-EC53-A7C1-BFE8-FC45029D3AD3}.Release|Any CPU.Build.0 = Release|Any CPU
		{8F46222A-81DA-9B3C-7B04-0178C50F672D}.Debug|Any CPU.ActiveCfg = Debug|Any CPU
		{8F46222A-81DA-9B3C-7B04-0178C50F672D}.Debug|Any CPU.Build.0 = Debug|Any CPU
		{8F46222A-81DA-9B3C-7B04-0178C50F672D}.Release|Any CPU.ActiveCfg = Release|Any CPU
		{8F46222A-81DA-9B3C-7B04-0178C50F672D}.Release|Any CPU.Build.0 = Release|Any CPU
		{A9EE948D-8963-37B4-730E-79FC14A812C7}.Debug|Any CPU.ActiveCfg = Debug|Any CPU
		{A9EE948D-8963-37B4-730E-79FC14A812C7}.Debug|Any CPU.Build.0 = Debug|Any CPU
		{A9EE948D-8963-37B4-730E-79FC14A812C7}.Release|Any CPU.ActiveCfg = Release|Any CPU
		{A9EE948D-8963-37B4-730E-79FC14A812C7}.Release|Any CPU.Build.0 = Release|Any CPU
		{AF5E63DE-E6DC-A6DA-B9C6-D46AF6186FE2}.Debug|Any CPU.ActiveCfg = Debug|Any CPU
		{AF5E63DE-E6DC-A6DA-B9C6-D46AF6186FE2}.Debug|Any CPU.Build.0 = Debug|Any CPU
		{AF5E63DE-E6DC-A6DA-B9C6-D46AF6186FE2}.Release|Any CPU.ActiveCfg = Release|Any CPU
		{AF5E63DE-E6DC-A6DA-B9C6-D46AF6186FE2}.Release|Any CPU.Build.0 = Release|Any CPU
		{515809A1-FA83-C76A-E6AD-35E5AAF84229}.Debug|Any CPU.ActiveCfg = Debug|Any CPU
		{515809A1-FA83-C76A-E6AD-35E5AAF84229}.Debug|Any CPU.Build.0 = Debug|Any CPU
		{515809A1-FA83-C76A-E6AD-35E5AAF84229}.Release|Any CPU.ActiveCfg = Release|Any CPU
		{515809A1-FA83-C76A-E6AD-35E5AAF84229}.Release|Any CPU.Build.0 = Release|Any CPU
		{2DE57354-36A3-7258-6C80-F21A2999F408}.Debug|Any CPU.ActiveCfg = Debug|Any CPU
		{2DE57354-36A3-7258-6C80-F21A2999F408}.Debug|Any CPU.Build.0 = Debug|Any CPU
		{2DE57354-36A3-7258-6C80-F21A2999F408}.Release|Any CPU.ActiveCfg = Release|Any CPU
		{2DE57354-36A3-7258-6C80-F21A2999F408}.Release|Any CPU.Build.0 = Release|Any CPU
		{B75B20C9-6BE2-B4A3-57B4-969615683169}.Debug|Any CPU.ActiveCfg = Debug|Any CPU
		{B75B20C9-6BE2-B4A3-57B4-969615683169}.Debug|Any CPU.Build.0 = Debug|Any CPU
		{B75B20C9-6BE2-B4A3-57B4-969615683169}.Release|Any CPU.ActiveCfg = Release|Any CPU
		{B75B20C9-6BE2-B4A3-57B4-969615683169}.Release|Any CPU.Build.0 = Release|Any CPU
		{CFCBF3F8-3416-B1F2-7C14-C3DD6157F8D6}.Debug|Any CPU.ActiveCfg = Debug|Any CPU
		{CFCBF3F8-3416-B1F2-7C14-C3DD6157F8D6}.Debug|Any CPU.Build.0 = Debug|Any CPU
		{CFCBF3F8-3416-B1F2-7C14-C3DD6157F8D6}.Release|Any CPU.ActiveCfg = Release|Any CPU
		{CFCBF3F8-3416-B1F2-7C14-C3DD6157F8D6}.Release|Any CPU.Build.0 = Release|Any CPU
		{7DD3C5EE-097A-CA7D-9BA6-0A7335CB156A}.Debug|Any CPU.ActiveCfg = Debug|Any CPU
		{7DD3C5EE-097A-CA7D-9BA6-0A7335CB156A}.Debug|Any CPU.Build.0 = Debug|Any CPU
		{7DD3C5EE-097A-CA7D-9BA6-0A7335CB156A}.Release|Any CPU.ActiveCfg = Release|Any CPU
		{7DD3C5EE-097A-CA7D-9BA6-0A7335CB156A}.Release|Any CPU.Build.0 = Release|Any CPU
		{E37E8E25-E43B-A45E-9EA2-C7D7712A8F82}.Debug|Any CPU.ActiveCfg = Debug|Any CPU
		{E37E8E25-E43B-A45E-9EA2-C7D7712A8F82}.Debug|Any CPU.Build.0 = Debug|Any CPU
		{E37E8E25-E43B-A45E-9EA2-C7D7712A8F82}.Release|Any CPU.ActiveCfg = Release|Any CPU
		{E37E8E25-E43B-A45E-9EA2-C7D7712A8F82}.Release|Any CPU.Build.0 = Release|Any CPU
		{E952E26C-190A-F8E5-94B4-F999B74EC97D}.Debug|Any CPU.ActiveCfg = Debug|Any CPU
		{E952E26C-190A-F8E5-94B4-F999B74EC97D}.Debug|Any CPU.Build.0 = Debug|Any CPU
		{E952E26C-190A-F8E5-94B4-F999B74EC97D}.Release|Any CPU.ActiveCfg = Release|Any CPU
		{E952E26C-190A-F8E5-94B4-F999B74EC97D}.Release|Any CPU.Build.0 = Release|Any CPU
		{F71FC7F0-EE8C-BF3F-BB6D-F70595278C6D}.Debug|Any CPU.ActiveCfg = Debug|Any CPU
		{F71FC7F0-EE8C-BF3F-BB6D-F70595278C6D}.Debug|Any CPU.Build.0 = Debug|Any CPU
		{F71FC7F0-EE8C-BF3F-BB6D-F70595278C6D}.Release|Any CPU.ActiveCfg = Release|Any CPU
		{F71FC7F0-EE8C-BF3F-BB6D-F70595278C6D}.Release|Any CPU.Build.0 = Release|Any CPU
		{D1CE0E99-262F-4F06-2089-300DC6E6D23F}.Debug|Any CPU.ActiveCfg = Debug|Any CPU
		{D1CE0E99-262F-4F06-2089-300DC6E6D23F}.Debug|Any CPU.Build.0 = Debug|Any CPU
		{D1CE0E99-262F-4F06-2089-300DC6E6D23F}.Release|Any CPU.ActiveCfg = Release|Any CPU
		{D1CE0E99-262F-4F06-2089-300DC6E6D23F}.Release|Any CPU.Build.0 = Release|Any CPU
		{15E623C3-57C1-EFE6-A939-167BC4BBD873}.Debug|Any CPU.ActiveCfg = Debug|Any CPU
		{15E623C3-57C1-EFE6-A939-167BC4BBD873}.Debug|Any CPU.Build.0 = Debug|Any CPU
		{15E623C3-57C1-EFE6-A939-167BC4BBD873}.Release|Any CPU.ActiveCfg = Release|Any CPU
		{15E623C3-57C1-EFE6-A939-167BC4BBD873}.Release|Any CPU.Build.0 = Release|Any CPU
		{5E25B70C-1D9F-77D1-11BD-25CF24E4CD9C}.Debug|Any CPU.ActiveCfg = Debug|Any CPU
		{5E25B70C-1D9F-77D1-11BD-25CF24E4CD9C}.Debug|Any CPU.Build.0 = Debug|Any CPU
		{5E25B70C-1D9F-77D1-11BD-25CF24E4CD9C}.Release|Any CPU.ActiveCfg = Release|Any CPU
		{5E25B70C-1D9F-77D1-11BD-25CF24E4CD9C}.Release|Any CPU.Build.0 = Release|Any CPU
		{AC6058C4-7CF1-C8F7-0383-B889C6F58B7D}.Debug|Any CPU.ActiveCfg = Debug|Any CPU
		{AC6058C4-7CF1-C8F7-0383-B889C6F58B7D}.Debug|Any CPU.Build.0 = Debug|Any CPU
		{AC6058C4-7CF1-C8F7-0383-B889C6F58B7D}.Release|Any CPU.ActiveCfg = Release|Any CPU
		{AC6058C4-7CF1-C8F7-0383-B889C6F58B7D}.Release|Any CPU.Build.0 = Release|Any CPU
		{E44F9BA5-4530-96D6-67BD-B3C0E7626D7E}.Debug|Any CPU.ActiveCfg = Debug|Any CPU
		{E44F9BA5-4530-96D6-67BD-B3C0E7626D7E}.Debug|Any CPU.Build.0 = Debug|Any CPU
		{E44F9BA5-4530-96D6-67BD-B3C0E7626D7E}.Release|Any CPU.ActiveCfg = Release|Any CPU
		{E44F9BA5-4530-96D6-67BD-B3C0E7626D7E}.Release|Any CPU.Build.0 = Release|Any CPU
		{B6F4CA06-3169-6B08-FFBC-7752B646D410}.Debug|Any CPU.ActiveCfg = Debug|Any CPU
		{B6F4CA06-3169-6B08-FFBC-7752B646D410}.Debug|Any CPU.Build.0 = Debug|Any CPU
		{B6F4CA06-3169-6B08-FFBC-7752B646D410}.Release|Any CPU.ActiveCfg = Release|Any CPU
		{B6F4CA06-3169-6B08-FFBC-7752B646D410}.Release|Any CPU.Build.0 = Release|Any CPU
		{BAEE6C2D-5EE6-A7FE-8598-2DB2C2DB8232}.Debug|Any CPU.ActiveCfg = Debug|Any CPU
		{BAEE6C2D-5EE6-A7FE-8598-2DB2C2DB8232}.Debug|Any CPU.Build.0 = Debug|Any CPU
		{BAEE6C2D-5EE6-A7FE-8598-2DB2C2DB8232}.Release|Any CPU.ActiveCfg = Release|Any CPU
		{BAEE6C2D-5EE6-A7FE-8598-2DB2C2DB8232}.Release|Any CPU.Build.0 = Release|Any CPU
		{CB37F0DF-B9B6-A1C2-0B2B-C35DC116B4D1}.Debug|Any CPU.ActiveCfg = Debug|Any CPU
		{CB37F0DF-B9B6-A1C2-0B2B-C35DC116B4D1}.Debug|Any CPU.Build.0 = Debug|Any CPU
		{CB37F0DF-B9B6-A1C2-0B2B-C35DC116B4D1}.Release|Any CPU.ActiveCfg = Release|Any CPU
		{CB37F0DF-B9B6-A1C2-0B2B-C35DC116B4D1}.Release|Any CPU.Build.0 = Release|Any CPU
		{A32EC717-4E99-E172-F66F-758E7C09CCAD}.Debug|Any CPU.ActiveCfg = Debug|Any CPU
		{A32EC717-4E99-E172-F66F-758E7C09CCAD}.Debug|Any CPU.Build.0 = Debug|Any CPU
		{A32EC717-4E99-E172-F66F-758E7C09CCAD}.Release|Any CPU.ActiveCfg = Release|Any CPU
		{A32EC717-4E99-E172-F66F-758E7C09CCAD}.Release|Any CPU.Build.0 = Release|Any CPU
		{47666210-4A02-A296-FE1D-3AF6748E78F2}.Debug|Any CPU.ActiveCfg = Debug|Any CPU
		{47666210-4A02-A296-FE1D-3AF6748E78F2}.Debug|Any CPU.Build.0 = Debug|Any CPU
		{47666210-4A02-A296-FE1D-3AF6748E78F2}.Release|Any CPU.ActiveCfg = Release|Any CPU
		{47666210-4A02-A296-FE1D-3AF6748E78F2}.Release|Any CPU.Build.0 = Release|Any CPU
		{2FC1AAF3-6685-1DBC-4BF3-890BB1484852}.Debug|Any CPU.ActiveCfg = Debug|Any CPU
		{2FC1AAF3-6685-1DBC-4BF3-890BB1484852}.Debug|Any CPU.Build.0 = Debug|Any CPU
		{2FC1AAF3-6685-1DBC-4BF3-890BB1484852}.Release|Any CPU.ActiveCfg = Release|Any CPU
		{2FC1AAF3-6685-1DBC-4BF3-890BB1484852}.Release|Any CPU.Build.0 = Release|Any CPU
		{E3A6D6CC-AC23-91C5-80DE-D64867B13F5D}.Debug|Any CPU.ActiveCfg = Debug|Any CPU
		{E3A6D6CC-AC23-91C5-80DE-D64867B13F5D}.Debug|Any CPU.Build.0 = Debug|Any CPU
		{E3A6D6CC-AC23-91C5-80DE-D64867B13F5D}.Release|Any CPU.ActiveCfg = Release|Any CPU
		{E3A6D6CC-AC23-91C5-80DE-D64867B13F5D}.Release|Any CPU.Build.0 = Release|Any CPU
		{C1404714-8CCB-0AE6-6227-D3D5DB845CF2}.Debug|Any CPU.ActiveCfg = Debug|Any CPU
		{C1404714-8CCB-0AE6-6227-D3D5DB845CF2}.Debug|Any CPU.Build.0 = Debug|Any CPU
		{C1404714-8CCB-0AE6-6227-D3D5DB845CF2}.Release|Any CPU.ActiveCfg = Release|Any CPU
		{C1404714-8CCB-0AE6-6227-D3D5DB845CF2}.Release|Any CPU.Build.0 = Release|Any CPU
	EndGlobalSection
	GlobalSection(SolutionProperties) = preSolution
		HideSolutionNode = FALSE
	EndGlobalSection
EndGlobal
